
Microsoft Visual Studio Solution File, Format Version 12.00
# Visual Studio 15
VisualStudioVersion = 15.0.27004.2002
MinimumVisualStudioVersion = 10.0.40219.1
Project("{FAE04EC0-301F-11D3-BF4B-00C04F79EFBC}") = "PP_TP", "PP_TP\PP_TP.csproj", "{2521C447-6C2F-4201-A9B5-F64C3CE17E30}"
EndProject
Global
	GlobalSection(SolutionConfigurationPlatforms) = preSolution
		Debug|Any CPU = Debug|Any CPU
		Release|Any CPU = Release|Any CPU
	EndGlobalSection
	GlobalSection(ProjectConfigurationPlatforms) = postSolution
		{2521C447-6C2F-4201-A9B5-F64C3CE17E30}.Debug|Any CPU.ActiveCfg = Debug|Any CPU
		{2521C447-6C2F-4201-A9B5-F64C3CE17E30}.Debug|Any CPU.Build.0 = Debug|Any CPU
		{2521C447-6C2F-4201-A9B5-F64C3CE17E30}.Release|Any CPU.ActiveCfg = Release|Any CPU
		{2521C447-6C2F-4201-A9B5-F64C3CE17E30}.Release|Any CPU.Build.0 = Release|Any CPU
	EndGlobalSection
	GlobalSection(SolutionProperties) = preSolution
		HideSolutionNode = FALSE
	EndGlobalSection
	GlobalSection(ExtensibilityGlobals) = postSolution
		SolutionGuid = {1698E935-2302-44EC-88EF-E32F22EBC789}
	EndGlobalSection
EndGlobal
